
Microsoft Visual Studio Solution File, Format Version 12.00
# Visual Studio Version 16
VisualStudioVersion = 16.0.30128.74
MinimumVisualStudioVersion = 10.0.40219.1
Project("{FAE04EC0-301F-11D3-BF4B-00C04F79EFBC}") = "Mma.Common", "SkillTest\Mma.Common.csproj", "{BAFF028F-1E8B-4A3C-BBB0-FD9BFDA486A8}"
EndProject
Project("{FAE04EC0-301F-11D3-BF4B-00C04F79EFBC}") = "Test.Mma.Common", "Test.Mma.Common\Test.Mma.Common.csproj", "{B54C4DA5-804C-472C-8C1D-424F8FA6B8FE}"
EndProject
Global
	GlobalSection(SolutionConfigurationPlatforms) = preSolution
		Debug|Any CPU = Debug|Any CPU
		Release|Any CPU = Release|Any CPU
	EndGlobalSection
	GlobalSection(ProjectConfigurationPlatforms) = postSolution
		{BAFF028F-1E8B-4A3C-BBB0-FD9BFDA486A8}.Debug|Any CPU.ActiveCfg = Debug|Any CPU
		{BAFF028F-1E8B-4A3C-BBB0-FD9BFDA486A8}.Debug|Any CPU.Build.0 = Debug|Any CPU
		{BAFF028F-1E8B-4A3C-BBB0-FD9BFDA486A8}.Release|Any CPU.ActiveCfg = Release|Any CPU
		{BAFF028F-1E8B-4A3C-BBB0-FD9BFDA486A8}.Release|Any CPU.Build.0 = Release|Any CPU
		{B54C4DA5-804C-472C-8C1D-424F8FA6B8FE}.Debug|Any CPU.ActiveCfg = Debug|Any CPU
		{B54C4DA5-804C-472C-8C1D-424F8FA6B8FE}.Debug|Any CPU.Build.0 = Debug|Any CPU
		{B54C4DA5-804C-472C-8C1D-424F8FA6B8FE}.Release|Any CPU.ActiveCfg = Release|Any CPU
		{B54C4DA5-804C-472C-8C1D-424F8FA6B8FE}.Release|Any CPU.Build.0 = Release|Any CPU
	EndGlobalSection
	GlobalSection(SolutionProperties) = preSolution
		HideSolutionNode = FALSE
	EndGlobalSection
	GlobalSection(ExtensibilityGlobals) = postSolution
		SolutionGuid = {30B973B1-75D2-49DE-9255-C814718DB89C}
	EndGlobalSection
EndGlobal
